
Microsoft Visual Studio Solution File, Format Version 12.00
# Visual Studio 14
VisualStudioVersion = 14.0.25420.1
MinimumVisualStudioVersion = 10.0.40219.1
Project("{FAE04EC0-301F-11D3-BF4B-00C04F79EFBC}") = "ACMEAPP", "ACMEAPP\ACMEAPP.csproj", "{29DD6B48-4695-4104-9BCE-262AE99FF1FB}"
	ProjectSection(ProjectDependencies) = postProject
		{ADF89B56-4E32-432E-9D31-C3E673C19924} = {ADF89B56-4E32-432E-9D31-C3E673C19924}
	EndProjectSection
EndProject
Project("{FAE04EC0-301F-11D3-BF4B-00C04F79EFBC}") = "ACMEAPP.Tests", "ACMEAPP.Tests\ACMEAPP.Tests.csproj", "{5425819B-E374-4172-BC6C-4984C7302F12}"
EndProject
Project("{FAE04EC0-301F-11D3-BF4B-00C04F79EFBC}") = "ACME_REPOSITORY", "ACME_REPOSITORY\ACME_REPOSITORY.csproj", "{E6AA9E5A-168B-460D-8989-54159B17F121}"
EndProject
Project("{FAE04EC0-301F-11D3-BF4B-00C04F79EFBC}") = "ACME_REPOSITORY.MSSQL", "ACME_REPOSITORY.MSSQL\ACME_REPOSITORY.MSSQL.csproj", "{6DAC578D-1823-4963-907D-AB73AD39131E}"
EndProject
Project("{FAE04EC0-301F-11D3-BF4B-00C04F79EFBC}") = "ACME_REPOSITORY.Tests", "ACME_REPOSITORY.Tests\ACME_REPOSITORY.Tests.csproj", "{281D92C5-6FC7-43E2-B26B-A31D2B4CAD03}"
EndProject
Project("{2150E333-8FDC-42A3-9474-1A3956D46DE8}") = "Tests", "Tests", "{37219299-BD9C-4A77-8758-7A8449511D14}"
EndProject
Project("{FAE04EC0-301F-11D3-BF4B-00C04F79EFBC}") = "ACME_WCF", "ACME_WCF\ACME_WCF.csproj", "{ADF89B56-4E32-432E-9D31-C3E673C19924}"
EndProject
Project("{FAE04EC0-301F-11D3-BF4B-00C04F79EFBC}") = "ACME_DOMAIN.CLASSES", "ACME_DOMAIN.CLASSES\ACME_DOMAIN.CLASSES.csproj", "{142B94DF-DB3D-4209-AA05-CDE8D9DD90AA}"
EndProject
Global
	GlobalSection(SolutionConfigurationPlatforms) = preSolution
		Debug|Any CPU = Debug|Any CPU
		Release|Any CPU = Release|Any CPU
	EndGlobalSection
	GlobalSection(ProjectConfigurationPlatforms) = postSolution
		{29DD6B48-4695-4104-9BCE-262AE99FF1FB}.Debug|Any CPU.ActiveCfg = Debug|Any CPU
		{29DD6B48-4695-4104-9BCE-262AE99FF1FB}.Debug|Any CPU.Build.0 = Debug|Any CPU
		{29DD6B48-4695-4104-9BCE-262AE99FF1FB}.Release|Any CPU.ActiveCfg = Release|Any CPU
		{29DD6B48-4695-4104-9BCE-262AE99FF1FB}.Release|Any CPU.Build.0 = Release|Any CPU
		{5425819B-E374-4172-BC6C-4984C7302F12}.Debug|Any CPU.ActiveCfg = Debug|Any CPU
		{5425819B-E374-4172-BC6C-4984C7302F12}.Debug|Any CPU.Build.0 = Debug|Any CPU
		{5425819B-E374-4172-BC6C-4984C7302F12}.Release|Any CPU.ActiveCfg = Release|Any CPU
		{5425819B-E374-4172-BC6C-4984C7302F12}.Release|Any CPU.Build.0 = Release|Any CPU
		{E6AA9E5A-168B-460D-8989-54159B17F121}.Debug|Any CPU.ActiveCfg = Debug|Any CPU
		{E6AA9E5A-168B-460D-8989-54159B17F121}.Debug|Any CPU.Build.0 = Debug|Any CPU
		{E6AA9E5A-168B-460D-8989-54159B17F121}.Release|Any CPU.ActiveCfg = Release|Any CPU
		{E6AA9E5A-168B-460D-8989-54159B17F121}.Release|Any CPU.Build.0 = Release|Any CPU
		{6DAC578D-1823-4963-907D-AB73AD39131E}.Debug|Any CPU.ActiveCfg = Debug|Any CPU
		{6DAC578D-1823-4963-907D-AB73AD39131E}.Debug|Any CPU.Build.0 = Debug|Any CPU
		{6DAC578D-1823-4963-907D-AB73AD39131E}.Release|Any CPU.ActiveCfg = Release|Any CPU
		{6DAC578D-1823-4963-907D-AB73AD39131E}.Release|Any CPU.Build.0 = Release|Any CPU
		{281D92C5-6FC7-43E2-B26B-A31D2B4CAD03}.Debug|Any CPU.ActiveCfg = Debug|Any CPU
		{281D92C5-6FC7-43E2-B26B-A31D2B4CAD03}.Debug|Any CPU.Build.0 = Debug|Any CPU
		{281D92C5-6FC7-43E2-B26B-A31D2B4CAD03}.Release|Any CPU.ActiveCfg = Release|Any CPU
		{281D92C5-6FC7-43E2-B26B-A31D2B4CAD03}.Release|Any CPU.Build.0 = Release|Any CPU
		{ADF89B56-4E32-432E-9D31-C3E673C19924}.Debug|Any CPU.ActiveCfg = Debug|Any CPU
		{ADF89B56-4E32-432E-9D31-C3E673C19924}.Debug|Any CPU.Build.0 = Debug|Any CPU
		{ADF89B56-4E32-432E-9D31-C3E673C19924}.Release|Any CPU.ActiveCfg = Release|Any CPU
		{ADF89B56-4E32-432E-9D31-C3E673C19924}.Release|Any CPU.Build.0 = Release|Any CPU
		{142B94DF-DB3D-4209-AA05-CDE8D9DD90AA}.Debug|Any CPU.ActiveCfg = Debug|Any CPU
		{142B94DF-DB3D-4209-AA05-CDE8D9DD90AA}.Debug|Any CPU.Build.0 = Debug|Any CPU
		{142B94DF-DB3D-4209-AA05-CDE8D9DD90AA}.Release|Any CPU.ActiveCfg = Release|Any CPU
		{142B94DF-DB3D-4209-AA05-CDE8D9DD90AA}.Release|Any CPU.Build.0 = Release|Any CPU
	EndGlobalSection
	GlobalSection(SolutionProperties) = preSolution
		HideSolutionNode = FALSE
	EndGlobalSection
	GlobalSection(NestedProjects) = preSolution
		{5425819B-E374-4172-BC6C-4984C7302F12} = {37219299-BD9C-4A77-8758-7A8449511D14}
		{281D92C5-6FC7-43E2-B26B-A31D2B4CAD03} = {37219299-BD9C-4A77-8758-7A8449511D14}
	EndGlobalSection
EndGlobal
